
Microsoft Visual Studio Solution File, Format Version 12.00
# Visual Studio Version 17
VisualStudioVersion = 17.14.36930.0
MinimumVisualStudioVersion = 10.0.40219.1
Project("{FAE04EC0-301F-11D3-BF4B-00C04F79EFBC}") = "ConsoleApp1", "ConsoleApp1\ConsoleApp1.csproj", "{033DAAA3-AB1D-41E0-BCB5-AAFA0B9A631B}"
EndProject
Project("{FAE04EC0-301F-11D3-BF4B-00C04F79EFBC}") = "laba5", "laba5\laba5.csproj", "{1F07D97E-7498-4D4F-82FD-6ECBC63A6279}"
EndProject
Global
	GlobalSection(SolutionConfigurationPlatforms) = preSolution
		Debug|Any CPU = Debug|Any CPU
		Release|Any CPU = Release|Any CPU
	EndGlobalSection
	GlobalSection(ProjectConfigurationPlatforms) = postSolution
		{033DAAA3-AB1D-41E0-BCB5-AAFA0B9A631B}.Debug|Any CPU.ActiveCfg = Debug|Any CPU
		{033DAAA3-AB1D-41E0-BCB5-AAFA0B9A631B}.Debug|Any CPU.Build.0 = Debug|Any CPU
		{033DAAA3-AB1D-41E0-BCB5-AAFA0B9A631B}.Release|Any CPU.ActiveCfg = Release|Any CPU
		{033DAAA3-AB1D-41E0-BCB5-AAFA0B9A631B}.Release|Any CPU.Build.0 = Release|Any CPU
		{1F07D97E-7498-4D4F-82FD-6ECBC63A6279}.Debug|Any CPU.ActiveCfg = Debug|Any CPU
		{1F07D97E-7498-4D4F-82FD-6ECBC63A6279}.Debug|Any CPU.Build.0 = Debug|Any CPU
		{1F07D97E-7498-4D4F-82FD-6ECBC63A6279}.Release|Any CPU.ActiveCfg = Release|Any CPU
		{1F07D97E-7498-4D4F-82FD-6ECBC63A6279}.Release|Any CPU.Build.0 = Release|Any CPU
	EndGlobalSection
	GlobalSection(SolutionProperties) = preSolution
		HideSolutionNode = FALSE
	EndGlobalSection
	GlobalSection(ExtensibilityGlobals) = postSolution
		SolutionGuid = {61D8A454-A0AF-4C63-A225-5E93289AEAFF}
	EndGlobalSection
EndGlobal
